
Microsoft Visual Studio Solution File, Format Version 12.00
# Visual Studio Version 16
VisualStudioVersion = 16.0.29920.165
MinimumVisualStudioVersion = 10.0.40219.1
Project("{FAE04EC0-301F-11D3-BF4B-00C04F79EFBC}") = "doloto", "doloto.csproj", "{0CDFADE9-C1BC-4F1B-BC9F-225028F8A252}"
EndProject
Global
	GlobalSection(SolutionConfigurationPlatforms) = preSolution
		Debug|Any CPU = Debug|Any CPU
		Release|Any CPU = Release|Any CPU
	EndGlobalSection
	GlobalSection(ProjectConfigurationPlatforms) = postSolution
		{0CDFADE9-C1BC-4F1B-BC9F-225028F8A252}.Debug|Any CPU.ActiveCfg = Debug|Any CPU
		{0CDFADE9-C1BC-4F1B-BC9F-225028F8A252}.Debug|Any CPU.Build.0 = Debug|Any CPU
		{0CDFADE9-C1BC-4F1B-BC9F-225028F8A252}.Release|Any CPU.ActiveCfg = Release|Any CPU
		{0CDFADE9-C1BC-4F1B-BC9F-225028F8A252}.Release|Any CPU.Build.0 = Release|Any CPU
	EndGlobalSection
	GlobalSection(SolutionProperties) = preSolution
		HideSolutionNode = FALSE
	EndGlobalSection
	GlobalSection(ExtensibilityGlobals) = postSolution
		SolutionGuid = {29405124-112B-4AEA-B1FE-4DEAF1C23278}
	EndGlobalSection
EndGlobal
